// !$*UTF8*$!
{
	archiveVersion = 1;
	classes = {
	};
	objectVersion = 46;
	objects = {

/* Begin PBXBuildFile section */
		4E0783961F6D1F6600813126 /* main.m in Sources */ = {isa = PBXBuildFile; fileRef = 4E0783951F6D1F6600813126 /* main.m */; };
		4E0783991F6D1F6600813126 /* AppDelegate.m in Sources */ = {isa = PBXBuildFile; fileRef = 4E0783981F6D1F6600813126 /* AppDelegate.m */; };
		4E07839C1F6D1F6600813126 /* ViewController.m in Sources */ = {isa = PBXBuildFile; fileRef = 4E07839B1F6D1F6600813126 /* ViewController.m */; };
		4E07839F1F6D1F6600813126 /* Main.storyboard in Resources */ = {isa = PBXBuildFile; fileRef = 4E07839D1F6D1F6600813126 /* Main.storyboard */; };
		4E0783A11F6D1F6600813126 /* Assets.xcassets in Resources */ = {isa = PBXBuildFile; fileRef = 4E0783A01F6D1F6600813126 /* Assets.xcassets */; };
		4E0783A41F6D1F6600813126 /* LaunchScreen.storyboard in Resources */ = {isa = PBXBuildFile; fileRef = 4E0783A21F6D1F6600813126 /* LaunchScreen.storyboard */; };
		4E993DDF1F6D55AD0077F449 /* ActionDecider.m in Sources */ = {isa = PBXBuildFile; fileRef = 4E993DDE1F6D55AD0077F449 /* ActionDecider.m */; };
		4E993DE21F6D6FE50077F449 /* ActionObjects.m in Sources */ = {isa = PBXBuildFile; fileRef = 4E993DE11F6D6FE50077F449 /* ActionObjects.m */; };
		4E993DE51F6D85500077F449 /* CurrencyExchangeViewController.m in Sources */ = {isa = PBXBuildFile; fileRef = 4E993DE41F6D85500077F449 /* CurrencyExchangeViewController.m */; };
		4EF444461F6E6790005D59DE /* CardListViewController.m in Sources */ = {isa = PBXBuildFile; fileRef = 4EF444451F6E6790005D59DE /* CardListViewController.m */; };
		9F961BF01F6D27E2004839E3 /* NetworkManager.m in Sources */ = {isa = PBXBuildFile; fileRef = 9F961BEF1F6D27E2004839E3 /* NetworkManager.m */; };
		9F961BF91F6D3AE7004839E3 /* CardObject.m in Sources */ = {isa = PBXBuildFile; fileRef = 9F961BF81F6D3AE7004839E3 /* CardObject.m */; };
		9F961BFD1F6D4BA6004839E3 /* AbstractObject.m in Sources */ = {isa = PBXBuildFile; fileRef = 9F961BFC1F6D4BA6004839E3 /* AbstractObject.m */; };
		9FA388A11F6E963400751F60 /* MapViewController.m in Sources */ = {isa = PBXBuildFile; fileRef = 9FA388A01F6E963400751F60 /* MapViewController.m */; };
		9FA388A41F6E997000751F60 /* ATMObject.m in Sources */ = {isa = PBXBuildFile; fileRef = 9FA388A31F6E997000751F60 /* ATMObject.m */; };
		9FE48DB61F6D50AB0037A3AC /* MappingHelper.m in Sources */ = {isa = PBXBuildFile; fileRef = 9FE48DB51F6D50AB0037A3AC /* MappingHelper.m */; };
		F17A32B56042125D99FB4560 /* libPods-OpenSpeech.a in Frameworks */ = {isa = PBXBuildFile; fileRef = 2F5BF7D7943548FB3575F565 /* libPods-OpenSpeech.a */; };
/* End PBXBuildFile section */

/* Begin PBXFileReference section */
		2F5BF7D7943548FB3575F565 /* libPods-OpenSpeech.a */ = {isa = PBXFileReference; explicitFileType = archive.ar; includeInIndex = 0; path = "libPods-OpenSpeech.a"; sourceTree = BUILT_PRODUCTS_DIR; };
		4E0783911F6D1F6600813126 /* OpenSpeech.app */ = {isa = PBXFileReference; explicitFileType = wrapper.application; includeInIndex = 0; path = OpenSpeech.app; sourceTree = BUILT_PRODUCTS_DIR; };
		4E0783951F6D1F6600813126 /* main.m */ = {isa = PBXFileReference; lastKnownFileType = sourcecode.c.objc; path = main.m; sourceTree = "<group>"; };
		4E0783971F6D1F6600813126 /* AppDelegate.h */ = {isa = PBXFileReference; lastKnownFileType = sourcecode.c.h; path = AppDelegate.h; sourceTree = "<group>"; };
		4E0783981F6D1F6600813126 /* AppDelegate.m */ = {isa = PBXFileReference; lastKnownFileType = sourcecode.c.objc; path = AppDelegate.m; sourceTree = "<group>"; };
		4E07839A1F6D1F6600813126 /* ViewController.h */ = {isa = PBXFileReference; lastKnownFileType = sourcecode.c.h; path = ViewController.h; sourceTree = "<group>"; };
		4E07839B1F6D1F6600813126 /* ViewController.m */ = {isa = PBXFileReference; lastKnownFileType = sourcecode.c.objc; path = ViewController.m; sourceTree = "<group>"; };
		4E07839E1F6D1F6600813126 /* Base */ = {isa = PBXFileReference; lastKnownFileType = file.storyboard; name = Base; path = Base.lproj/Main.storyboard; sourceTree = "<group>"; };
		4E0783A01F6D1F6600813126 /* Assets.xcassets */ = {isa = PBXFileReference; lastKnownFileType = folder.assetcatalog; path = Assets.xcassets; sourceTree = "<group>"; };
		4E0783A31F6D1F6600813126 /* Base */ = {isa = PBXFileReference; lastKnownFileType = file.storyboard; name = Base; path = Base.lproj/LaunchScreen.storyboard; sourceTree = "<group>"; };
		4E0783A51F6D1F6600813126 /* Info.plist */ = {isa = PBXFileReference; lastKnownFileType = text.plist.xml; path = Info.plist; sourceTree = "<group>"; };
		4E993DDD1F6D55AD0077F449 /* ActionDecider.h */ = {isa = PBXFileReference; fileEncoding = 4; lastKnownFileType = sourcecode.c.h; path = ActionDecider.h; sourceTree = "<group>"; };
		4E993DDE1F6D55AD0077F449 /* ActionDecider.m */ = {isa = PBXFileReference; fileEncoding = 4; lastKnownFileType = sourcecode.c.objc; path = ActionDecider.m; sourceTree = "<group>"; };
		4E993DE01F6D6FE50077F449 /* ActionObjects.h */ = {isa = PBXFileReference; fileEncoding = 4; lastKnownFileType = sourcecode.c.h; path = ActionObjects.h; sourceTree = "<group>"; };
		4E993DE11F6D6FE50077F449 /* ActionObjects.m */ = {isa = PBXFileReference; fileEncoding = 4; lastKnownFileType = sourcecode.c.objc; path = ActionObjects.m; sourceTree = "<group>"; };
		4E993DE31F6D85500077F449 /* CurrencyExchangeViewController.h */ = {isa = PBXFileReference; fileEncoding = 4; lastKnownFileType = sourcecode.c.h; path = CurrencyExchangeViewController.h; sourceTree = "<group>"; };
		4E993DE41F6D85500077F449 /* CurrencyExchangeViewController.m */ = {isa = PBXFileReference; fileEncoding = 4; lastKnownFileType = sourcecode.c.objc; path = CurrencyExchangeViewController.m; sourceTree = "<group>"; };
		4EF444441F6E6790005D59DE /* CardListViewController.h */ = {isa = PBXFileReference; fileEncoding = 4; lastKnownFileType = sourcecode.c.h; path = CardListViewController.h; sourceTree = "<group>"; };
		4EF444451F6E6790005D59DE /* CardListViewController.m */ = {isa = PBXFileReference; fileEncoding = 4; lastKnownFileType = sourcecode.c.objc; path = CardListViewController.m; sourceTree = "<group>"; };
		529F3097757AF04A9F63EF1F /* Pods-OpenSpeech.release.xcconfig */ = {isa = PBXFileReference; includeInIndex = 1; lastKnownFileType = text.xcconfig; name = "Pods-OpenSpeech.release.xcconfig"; path = "Pods/Target Support Files/Pods-OpenSpeech/Pods-OpenSpeech.release.xcconfig"; sourceTree = "<group>"; };
		9F961BEE1F6D27E2004839E3 /* NetworkManager.h */ = {isa = PBXFileReference; fileEncoding = 4; lastKnownFileType = sourcecode.c.h; path = NetworkManager.h; sourceTree = "<group>"; };
		9F961BEF1F6D27E2004839E3 /* NetworkManager.m */ = {isa = PBXFileReference; fileEncoding = 4; lastKnownFileType = sourcecode.c.objc; path = NetworkManager.m; sourceTree = "<group>"; };
		9F961BF31F6D2957004839E3 /* CustomBlocks.h */ = {isa = PBXFileReference; fileEncoding = 4; lastKnownFileType = sourcecode.c.h; name = CustomBlocks.h; path = "Supporting Files/CustomBlocks.h"; sourceTree = "<group>"; };
		9F961BF51F6D2DE8004839E3 /* OpenSpeech-Prefix.pch */ = {isa = PBXFileReference; fileEncoding = 4; lastKnownFileType = sourcecode.c.h; name = "OpenSpeech-Prefix.pch"; path = "Supporting Files/OpenSpeech-Prefix.pch"; sourceTree = "<group>"; };
		9F961BF71F6D3AE7004839E3 /* CardObject.h */ = {isa = PBXFileReference; fileEncoding = 4; lastKnownFileType = sourcecode.c.h; name = CardObject.h; path = Model/CardObject.h; sourceTree = "<group>"; };
		9F961BF81F6D3AE7004839E3 /* CardObject.m */ = {isa = PBXFileReference; fileEncoding = 4; lastKnownFileType = sourcecode.c.objc; name = CardObject.m; path = Model/CardObject.m; sourceTree = "<group>"; };
		9F961BFB1F6D4BA6004839E3 /* AbstractObject.h */ = {isa = PBXFileReference; fileEncoding = 4; lastKnownFileType = sourcecode.c.h; name = AbstractObject.h; path = Model/AbstractObject.h; sourceTree = "<group>"; };
		9F961BFC1F6D4BA6004839E3 /* AbstractObject.m */ = {isa = PBXFileReference; fileEncoding = 4; lastKnownFileType = sourcecode.c.objc; name = AbstractObject.m; path = Model/AbstractObject.m; sourceTree = "<group>"; };
		9FA3889F1F6E963400751F60 /* MapViewController.h */ = {isa = PBXFileReference; fileEncoding = 4; lastKnownFileType = sourcecode.c.h; path = MapViewController.h; sourceTree = "<group>"; };
		9FA388A01F6E963400751F60 /* MapViewController.m */ = {isa = PBXFileReference; fileEncoding = 4; lastKnownFileType = sourcecode.c.objc; path = MapViewController.m; sourceTree = "<group>"; };
		9FA388A21F6E997000751F60 /* ATMObject.h */ = {isa = PBXFileReference; fileEncoding = 4; lastKnownFileType = sourcecode.c.h; name = ATMObject.h; path = Model/ATMObject.h; sourceTree = "<group>"; };
		9FA388A31F6E997000751F60 /* ATMObject.m */ = {isa = PBXFileReference; fileEncoding = 4; lastKnownFileType = sourcecode.c.objc; name = ATMObject.m; path = Model/ATMObject.m; sourceTree = "<group>"; };
		9FE48DB21F6D4EE80037A3AC /* BasicDefines.h */ = {isa = PBXFileReference; fileEncoding = 4; lastKnownFileType = sourcecode.c.h; path = BasicDefines.h; sourceTree = "<group>"; };
		9FE48DB41F6D50AB0037A3AC /* MappingHelper.h */ = {isa = PBXFileReference; fileEncoding = 4; lastKnownFileType = sourcecode.c.h; name = MappingHelper.h; path = Helpers/MappingHelper.h; sourceTree = "<group>"; };
		9FE48DB51F6D50AB0037A3AC /* MappingHelper.m */ = {isa = PBXFileReference; fileEncoding = 4; lastKnownFileType = sourcecode.c.objc; name = MappingHelper.m; path = Helpers/MappingHelper.m; sourceTree = "<group>"; };
		A9CA4941EA47F2C01ED52F2F /* Pods-OpenSpeech.debug.xcconfig */ = {isa = PBXFileReference; includeInIndex = 1; lastKnownFileType = text.xcconfig; name = "Pods-OpenSpeech.debug.xcconfig"; path = "Pods/Target Support Files/Pods-OpenSpeech/Pods-OpenSpeech.debug.xcconfig"; sourceTree = "<group>"; };
/* End PBXFileReference section */

/* Begin PBXFrameworksBuildPhase section */
		4E07838E1F6D1F6600813126 /* Frameworks */ = {
			isa = PBXFrameworksBuildPhase;
			buildActionMask = 2147483647;
			files = (
				F17A32B56042125D99FB4560 /* libPods-OpenSpeech.a in Frameworks */,
			);
			runOnlyForDeploymentPostprocessing = 0;
		};
/* End PBXFrameworksBuildPhase section */

/* Begin PBXGroup section */
		1D9C96011F673B44FF13600D /* Frameworks */ = {
			isa = PBXGroup;
			children = (
				2F5BF7D7943548FB3575F565 /* libPods-OpenSpeech.a */,
			);
			name = Frameworks;
			sourceTree = "<group>";
		};
		4E0783881F6D1F6600813126 = {
			isa = PBXGroup;
			children = (
				4E0783931F6D1F6600813126 /* OpenSpeech */,
				4E0783921F6D1F6600813126 /* Products */,
				AEA1FEC2FCD072CD80D46629 /* Pods */,
				1D9C96011F673B44FF13600D /* Frameworks */,
			);
			sourceTree = "<group>";
		};
		4E0783921F6D1F6600813126 /* Products */ = {
			isa = PBXGroup;
			children = (
				4E0783911F6D1F6600813126 /* OpenSpeech.app */,
			);
			name = Products;
			sourceTree = "<group>";
		};
		4E0783931F6D1F6600813126 /* OpenSpeech */ = {
			isa = PBXGroup;
			children = (
				4E0783971F6D1F6600813126 /* AppDelegate.h */,
				4E0783981F6D1F6600813126 /* AppDelegate.m */,
				4E993DE01F6D6FE50077F449 /* ActionObjects.h */,
				4E993DE11F6D6FE50077F449 /* ActionObjects.m */,
				4E07839A1F6D1F6600813126 /* ViewController.h */,
				4E07839B1F6D1F6600813126 /* ViewController.m */,
				4E993DE31F6D85500077F449 /* CurrencyExchangeViewController.h */,
				4E993DE41F6D85500077F449 /* CurrencyExchangeViewController.m */,
				4E993DDD1F6D55AD0077F449 /* ActionDecider.h */,
				4E993DDE1F6D55AD0077F449 /* ActionDecider.m */,
				4E07839D1F6D1F6600813126 /* Main.storyboard */,
				4EF444441F6E6790005D59DE /* CardListViewController.h */,
				4EF444451F6E6790005D59DE /* CardListViewController.m */,
				4E0783A01F6D1F6600813126 /* Assets.xcassets */,
				4E0783A21F6D1F6600813126 /* LaunchScreen.storyboard */,
				4E0783A51F6D1F6600813126 /* Info.plist */,
				9F961BF61F6D3AB2004839E3 /* Models */,
				9FE48DB31F6D50870037A3AC /* Helpers */,
				4E0783941F6D1F6600813126 /* Supporting Files */,
				9F961BEE1F6D27E2004839E3 /* NetworkManager.h */,
				9F961BEF1F6D27E2004839E3 /* NetworkManager.m */,
				9FA3889F1F6E963400751F60 /* MapViewController.h */,
				9FA388A01F6E963400751F60 /* MapViewController.m */,
			);
			path = OpenSpeech;
			sourceTree = "<group>";
		};
		4E0783941F6D1F6600813126 /* Supporting Files */ = {
			isa = PBXGroup;
			children = (
				9F961BF51F6D2DE8004839E3 /* OpenSpeech-Prefix.pch */,
				9FE48DB21F6D4EE80037A3AC /* BasicDefines.h */,
				9F961BF31F6D2957004839E3 /* CustomBlocks.h */,
				4E0783951F6D1F6600813126 /* main.m */,
			);
			name = "Supporting Files";
			sourceTree = "<group>";
		};
		9F961BF61F6D3AB2004839E3 /* Models */ = {
			isa = PBXGroup;
			children = (
				9F961BFB1F6D4BA6004839E3 /* AbstractObject.h */,
				9F961BFC1F6D4BA6004839E3 /* AbstractObject.m */,
				9F961BF71F6D3AE7004839E3 /* CardObject.h */,
				9F961BF81F6D3AE7004839E3 /* CardObject.m */,
				9FA388A21F6E997000751F60 /* ATMObject.h */,
				9FA388A31F6E997000751F60 /* ATMObject.m */,
			);
			name = Models;
			sourceTree = "<group>";
		};
		9FE48DB31F6D50870037A3AC /* Helpers */ = {
			isa = PBXGroup;
			children = (
				9FE48DB41F6D50AB0037A3AC /* MappingHelper.h */,
				9FE48DB51F6D50AB0037A3AC /* MappingHelper.m */,
			);
			name = Helpers;
			sourceTree = "<group>";
		};
		AEA1FEC2FCD072CD80D46629 /* Pods */ = {
			isa = PBXGroup;
			children = (
				A9CA4941EA47F2C01ED52F2F /* Pods-OpenSpeech.debug.xcconfig */,
				529F3097757AF04A9F63EF1F /* Pods-OpenSpeech.release.xcconfig */,
			);
			name = Pods;
			sourceTree = "<group>";
		};
/* End PBXGroup section */

/* Begin PBXNativeTarget section */
		4E0783901F6D1F6600813126 /* OpenSpeech */ = {
			isa = PBXNativeTarget;
			buildConfigurationList = 4E0783A81F6D1F6600813126 /* Build configuration list for PBXNativeTarget "OpenSpeech" */;
			buildPhases = (
				DB54D62C9A90BC7AB8B8BB29 /* [CP] Check Pods Manifest.lock */,
				4E07838D1F6D1F6600813126 /* Sources */,
				4E07838E1F6D1F6600813126 /* Frameworks */,
				4E07838F1F6D1F6600813126 /* Resources */,
				E250CEDE895701303BE5E8D4 /* [CP] Embed Pods Frameworks */,
				8651DD55A0FB8F03AE290598 /* [CP] Copy Pods Resources */,
			);
			buildRules = (
			);
			dependencies = (
			);
			name = OpenSpeech;
			productName = OpenSpeech;
			productReference = 4E0783911F6D1F6600813126 /* OpenSpeech.app */;
			productType = "com.apple.product-type.application";
		};
/* End PBXNativeTarget section */

/* Begin PBXProject section */
		4E0783891F6D1F6600813126 /* Project object */ = {
			isa = PBXProject;
			attributes = {
				LastUpgradeCheck = 0830;
				ORGANIZATIONNAME = "Top ProGear";
				TargetAttributes = {
					4E0783901F6D1F6600813126 = {
						CreatedOnToolsVersion = 8.3.2;
						DevelopmentTeam = KXM2Z8Z6A9;
						ProvisioningStyle = Automatic;
					};
				};
			};
			buildConfigurationList = 4E07838C1F6D1F6600813126 /* Build configuration list for PBXProject "OpenSpeech" */;
			compatibilityVersion = "Xcode 3.2";
			developmentRegion = English;
			hasScannedForEncodings = 0;
			knownRegions = (
				en,
				Base,
			);
			mainGroup = 4E0783881F6D1F6600813126;
			productRefGroup = 4E0783921F6D1F6600813126 /* Products */;
			projectDirPath = "";
			projectRoot = "";
			targets = (
				4E0783901F6D1F6600813126 /* OpenSpeech */,
			);
		};
/* End PBXProject section */

/* Begin PBXResourcesBuildPhase section */
		4E07838F1F6D1F6600813126 /* Resources */ = {
			isa = PBXResourcesBuildPhase;
			buildActionMask = 2147483647;
			files = (
				4E0783A41F6D1F6600813126 /* LaunchScreen.storyboard in Resources */,
				4E0783A11F6D1F6600813126 /* Assets.xcassets in Resources */,
				4E07839F1F6D1F6600813126 /* Main.storyboard in Resources */,
			);
			runOnlyForDeploymentPostprocessing = 0;
		};
/* End PBXResourcesBuildPhase section */

/* Begin PBXShellScriptBuildPhase section */
		8651DD55A0FB8F03AE290598 /* [CP] Copy Pods Resources */ = {
			isa = PBXShellScriptBuildPhase;
			buildActionMask = 2147483647;
			files = (
			);
			inputPaths = (
				"${SRCROOT}/Pods/Target Support Files/Pods-OpenSpeech/Pods-OpenSpeech-resources.sh",
				"${PODS_ROOT}/GoogleMaps/Maps/Frameworks/GoogleMaps.framework/Resources/GoogleMaps.bundle",
				"${PODS_ROOT}/YandexSpeechKit/YandexSpeechKit.framework/Versions/A/Resources/YandexSpeechKit.bundle",
			);
			name = "[CP] Copy Pods Resources";
			outputPaths = (
				"${TARGET_BUILD_DIR}/${UNLOCALIZED_RESOURCES_FOLDER_PATH}",
			);
			runOnlyForDeploymentPostprocessing = 0;
			shellPath = /bin/sh;
			shellScript = "\"${SRCROOT}/Pods/Target Support Files/Pods-OpenSpeech/Pods-OpenSpeech-resources.sh\"\n";
			showEnvVarsInLog = 0;
		};
		DB54D62C9A90BC7AB8B8BB29 /* [CP] Check Pods Manifest.lock */ = {
			isa = PBXShellScriptBuildPhase;
			buildActionMask = 2147483647;
			files = (
			);
			inputPaths = (
				"${PODS_PODFILE_DIR_PATH}/Podfile.lock",
				"${PODS_ROOT}/Manifest.lock",
			);
			name = "[CP] Check Pods Manifest.lock";
			outputPaths = (
				"$(DERIVED_FILE_DIR)/Pods-OpenSpeech-checkManifestLockResult.txt",
			);
			runOnlyForDeploymentPostprocessing = 0;
			shellPath = /bin/sh;
			shellScript = "diff \"${PODS_PODFILE_DIR_PATH}/Podfile.lock\" \"${PODS_ROOT}/Manifest.lock\" > /dev/null\nif [ $? != 0 ] ; then\n    # print error to STDERR\n    echo \"error: The sandbox is not in sync with the Podfile.lock. Run 'pod install' or update your CocoaPods installation.\" >&2\n    exit 1\nfi\n# This output is used by Xcode 'outputs' to avoid re-running this script phase.\necho \"SUCCESS\" > \"${SCRIPT_OUTPUT_FILE_0}\"\n";
			showEnvVarsInLog = 0;
		};
		E250CEDE895701303BE5E8D4 /* [CP] Embed Pods Frameworks */ = {
			isa = PBXShellScriptBuildPhase;
			buildActionMask = 2147483647;
			files = (
			);
			inputPaths = (
			);
			name = "[CP] Embed Pods Frameworks";
			outputPaths = (
			);
			runOnlyForDeploymentPostprocessing = 0;
			shellPath = /bin/sh;
			shellScript = "\"${SRCROOT}/Pods/Target Support Files/Pods-OpenSpeech/Pods-OpenSpeech-frameworks.sh\"\n";
			showEnvVarsInLog = 0;
		};
/* End PBXShellScriptBuildPhase section */

/* Begin PBXSourcesBuildPhase section */
		4E07838D1F6D1F6600813126 /* Sources */ = {
			isa = PBXSourcesBuildPhase;
			buildActionMask = 2147483647;
			files = (
				4E993DE21F6D6FE50077F449 /* ActionObjects.m in Sources */,
				9F961BF01F6D27E2004839E3 /* NetworkManager.m in Sources */,
				9F961BF91F6D3AE7004839E3 /* CardObject.m in Sources */,
				9FA388A11F6E963400751F60 /* MapViewController.m in Sources */,
				9F961BFD1F6D4BA6004839E3 /* AbstractObject.m in Sources */,
				4E07839C1F6D1F6600813126 /* ViewController.m in Sources */,
				9FE48DB61F6D50AB0037A3AC /* MappingHelper.m in Sources */,
				4E0783991F6D1F6600813126 /* AppDelegate.m in Sources */,
				4E0783961F6D1F6600813126 /* main.m in Sources */,
				9FA388A41F6E997000751F60 /* ATMObject.m in Sources */,
				4E993DE51F6D85500077F449 /* CurrencyExchangeViewController.m in Sources */,
				4EF444461F6E6790005D59DE /* CardListViewController.m in Sources */,
				4E993DDF1F6D55AD0077F449 /* ActionDecider.m in Sources */,
			);
			runOnlyForDeploymentPostprocessing = 0;
		};
/* End PBXSourcesBuildPhase section */

/* Begin PBXVariantGroup section */
		4E07839D1F6D1F6600813126 /* Main.storyboard */ = {
			isa = PBXVariantGroup;
			children = (
				4E07839E1F6D1F6600813126 /* Base */,
			);
			name = Main.storyboard;
			sourceTree = "<group>";
		};
		4E0783A21F6D1F6600813126 /* LaunchScreen.storyboard */ = {
			isa = PBXVariantGroup;
			children = (
				4E0783A31F6D1F6600813126 /* Base */,
			);
			name = LaunchScreen.storyboard;
			sourceTree = "<group>";
		};
/* End PBXVariantGroup section */

/* Begin XCBuildConfiguration section */
		4E0783A61F6D1F6600813126 /* Debug */ = {
			isa = XCBuildConfiguration;
			buildSettings = {
				ALWAYS_SEARCH_USER_PATHS = NO;
				CLANG_ANALYZER_NONNULL = YES;
				CLANG_ANALYZER_NUMBER_OBJECT_CONVERSION = YES_AGGRESSIVE;
				CLANG_CXX_LANGUAGE_STANDARD = "gnu++0x";
				CLANG_CXX_LIBRARY = "libc++";
				CLANG_ENABLE_MODULES = YES;
				CLANG_ENABLE_OBJC_ARC = YES;
				CLANG_WARN_BOOL_CONVERSION = YES;
				CLANG_WARN_CONSTANT_CONVERSION = YES;
				CLANG_WARN_DIRECT_OBJC_ISA_USAGE = YES_ERROR;
				CLANG_WARN_DOCUMENTATION_COMMENTS = YES;
				CLANG_WARN_EMPTY_BODY = YES;
				CLANG_WARN_ENUM_CONVERSION = YES;
				CLANG_WARN_INFINITE_RECURSION = YES;
				CLANG_WARN_INT_CONVERSION = YES;
				CLANG_WARN_OBJC_ROOT_CLASS = YES_ERROR;
				CLANG_WARN_SUSPICIOUS_MOVE = YES;
				CLANG_WARN_UNREACHABLE_CODE = YES;
				CLANG_WARN__DUPLICATE_METHOD_MATCH = YES;
				"CODE_SIGN_IDENTITY[sdk=iphoneos*]" = "iPhone Developer";
				COPY_PHASE_STRIP = NO;
				DEBUG_INFORMATION_FORMAT = dwarf;
				ENABLE_STRICT_OBJC_MSGSEND = YES;
				ENABLE_TESTABILITY = YES;
				GCC_C_LANGUAGE_STANDARD = gnu99;
				GCC_DYNAMIC_NO_PIC = NO;
				GCC_NO_COMMON_BLOCKS = YES;
				GCC_OPTIMIZATION_LEVEL = 0;
				GCC_PREPROCESSOR_DEFINITIONS = (
					"DEBUG=1",
					"$(inherited)",
				);
				GCC_WARN_64_TO_32_BIT_CONVERSION = YES;
				GCC_WARN_ABOUT_RETURN_TYPE = YES_ERROR;
				GCC_WARN_UNDECLARED_SELECTOR = YES;
				GCC_WARN_UNINITIALIZED_AUTOS = YES_AGGRESSIVE;
				GCC_WARN_UNUSED_FUNCTION = YES;
				GCC_WARN_UNUSED_VARIABLE = YES;
				IPHONEOS_DEPLOYMENT_TARGET = 10.3;
				MTL_ENABLE_DEBUG_INFO = YES;
				ONLY_ACTIVE_ARCH = YES;
				SDKROOT = iphoneos;
			};
			name = Debug;
		};
		4E0783A71F6D1F6600813126 /* Release */ = {
			isa = XCBuildConfiguration;
			buildSettings = {
				ALWAYS_SEARCH_USER_PATHS = NO;
				CLANG_ANALYZER_NONNULL = YES;
				CLANG_ANALYZER_NUMBER_OBJECT_CONVERSION = YES_AGGRESSIVE;
				CLANG_CXX_LANGUAGE_STANDARD = "gnu++0x";
				CLANG_CXX_LIBRARY = "libc++";
				CLANG_ENABLE_MODULES = YES;
				CLANG_ENABLE_OBJC_ARC = YES;
				CLANG_WARN_BOOL_CONVERSION = YES;
				CLANG_WARN_CONSTANT_CONVERSION = YES;
				CLANG_WARN_DIRECT_OBJC_ISA_USAGE = YES_ERROR;
				CLANG_WARN_DOCUMENTATION_COMMENTS = YES;
				CLANG_WARN_EMPTY_BODY = YES;
				CLANG_WARN_ENUM_CONVERSION = YES;
				CLANG_WARN_INFINITE_RECURSION = YES;
				CLANG_WARN_INT_CONVERSION = YES;
				CLANG_WARN_OBJC_ROOT_CLASS = YES_ERROR;
				CLANG_WARN_SUSPICIOUS_MOVE = YES;
				CLANG_WARN_UNREACHABLE_CODE = YES;
				CLANG_WARN__DUPLICATE_METHOD_MATCH = YES;
				"CODE_SIGN_IDENTITY[sdk=iphoneos*]" = "iPhone Developer";
				COPY_PHASE_STRIP = NO;
				DEBUG_INFORMATION_FORMAT = "dwarf-with-dsym";
				ENABLE_NS_ASSERTIONS = NO;
				ENABLE_STRICT_OBJC_MSGSEND = YES;
				GCC_C_LANGUAGE_STANDARD = gnu99;
				GCC_NO_COMMON_BLOCKS = YES;
				GCC_WARN_64_TO_32_BIT_CONVERSION = YES;
				GCC_WARN_ABOUT_RETURN_TYPE = YES_ERROR;
				GCC_WARN_UNDECLARED_SELECTOR = YES;
				GCC_WARN_UNINITIALIZED_AUTOS = YES_AGGRESSIVE;
				GCC_WARN_UNUSED_FUNCTION = YES;
				GCC_WARN_UNUSED_VARIABLE = YES;
				IPHONEOS_DEPLOYMENT_TARGET = 10.3;
				MTL_ENABLE_DEBUG_INFO = NO;
				SDKROOT = iphoneos;
				VALIDATE_PRODUCT = YES;
			};
			name = Release;
		};
		4E0783A91F6D1F6600813126 /* Debug */ = {
			isa = XCBuildConfiguration;
			baseConfigurationReference = A9CA4941EA47F2C01ED52F2F /* Pods-OpenSpeech.debug.xcconfig */;
			buildSettings = {
				ASSETCATALOG_COMPILER_APPICON_NAME = AppIcon;
				DEVELOPMENT_TEAM = KXM2Z8Z6A9;
				GCC_PRECOMPILE_PREFIX_HEADER = YES;
				GCC_PREFIX_HEADER = "OpenSpeech/Supporting Files/OpenSpeech-Prefix.pch";
				INFOPLIST_FILE = OpenSpeech/Info.plist;
				LD_RUNPATH_SEARCH_PATHS = "$(inherited) @executable_path/Frameworks";
				NEW_SETTING = "";
				PRODUCT_BUNDLE_IDENTIFIER = com.maratsarbasov.OpenSpeech;
				PRODUCT_NAME = "$(TARGET_NAME)";
			};
			name = Debug;
		};
		4E0783AA1F6D1F6600813126 /* Release */ = {
			isa = XCBuildConfiguration;
			baseConfigurationReference = 529F3097757AF04A9F63EF1F /* Pods-OpenSpeech.release.xcconfig */;
			buildSettings = {
				ASSETCATALOG_COMPILER_APPICON_NAME = AppIcon;
				DEVELOPMENT_TEAM = KXM2Z8Z6A9;
				GCC_PRECOMPILE_PREFIX_HEADER = YES;
				GCC_PREFIX_HEADER = "OpenSpeech/Supporting Files/OpenSpeech-Prefix.pch";
				INFOPLIST_FILE = OpenSpeech/Info.plist;
				LD_RUNPATH_SEARCH_PATHS = "$(inherited) @executable_path/Frameworks";
				PRODUCT_BUNDLE_IDENTIFIER = com.maratsarbasov.OpenSpeech;
				PRODUCT_NAME = "$(TARGET_NAME)";
			};
			name = Release;
		};
/* End XCBuildConfiguration section */

/* Begin XCConfigurationList section */
		4E07838C1F6D1F6600813126 /* Build configuration list for PBXProject "OpenSpeech" */ = {
			isa = XCConfigurationList;
			buildConfigurations = (
				4E0783A61F6D1F6600813126 /* Debug */,
				4E0783A71F6D1F6600813126 /* Release */,
			);
			defaultConfigurationIsVisible = 0;
			defaultConfigurationName = Release;
		};
		4E0783A81F6D1F6600813126 /* Build configuration list for PBXNativeTarget "OpenSpeech" */ = {
			isa = XCConfigurationList;
			buildConfigurations = (
				4E0783A91F6D1F6600813126 /* Debug */,
				4E0783AA1F6D1F6600813126 /* Release */,
			);
			defaultConfigurationIsVisible = 0;
			defaultConfigurationName = Release;
		};
/* End XCConfigurationList section */
	};
	rootObject = 4E0783891F6D1F6600813126 /* Project object */;
}
